<?xml version="1.0" encoding="utf-8"?>
<Project ToolsVersion="4.0" xmlns="http://schemas.microsoft.com/developer/msbuild/2003">
  <ItemGroup>
    <Filter Include="源文件">
      <UniqueIdentifier>{4FC737F1-C7A5-4376-A066-2A32D752A2FF}</UniqueIdentifier>
      <Extensions>cpp;c;cc;cxx;c++;cppm;ixx;def;odl;idl;hpj;bat;asm;asmx</Extensions>
    </Filter>
    <Filter Include="头文件">
      <UniqueIdentifier>{93995380-89BD-4b04-88EB-625FBE52EBFB}</UniqueIdentifier>
      <Extensions>h;hh;hpp;hxx;h++;hm;inl;inc;ipp;xsd</Extensions>
    </Filter>
    <Filter Include="资源文件">
      <UniqueIdentifier>{67DA6AB6-F800-4c08-8B7A-83BB121AAD01}</UniqueIdentifier>
      <Extensions>fs;vs;rc;ico;cur;bmp;dlg;rc2;rct;bin;rgs;gif;jpg;jpeg;jpe;resx;tiff;tif;png;wav;mfcribbon-ms</Extensions>
    </Filter>
    <Filter Include="资源文件\shaders">
      <UniqueIdentifier>{c18083cc-5846-40a9-a737-d6a4ed59d7d0}</UniqueIdentifier>
    </Filter>
    <Filter Include="资源文件\assets">
      <UniqueIdentifier>{81525494-b187-4dd1-af3b-61ad99db6fd6}</UniqueIdentifier>
    </Filter>
  </ItemGroup>
  <ItemGroup>
    <ClInclude Include="includes\glad\glad.h">
      <Filter>头文件</Filter>
    </ClInclude>
    <ClInclude Include="includes\GLFW\glfw3.h">
      <Filter>头文件</Filter>
    </ClInclude>
    <ClInclude Include="includes\GLFW\glfw3native.h">
      <Filter>头文件</Filter>
    </ClInclude>
    <ClInclude Include="includes\KHR\khrplatform.h">
      <Filter>头文件</Filter>
    </ClInclude>
    <ClInclude Include="includes\windows\window.h">
      <Filter>头文件</Filter>
    </ClInclude>
    <ClInclude Include="includes\opengl\helloworld.h">
      <Filter>头文件</Filter>
    </ClInclude>
    <ClInclude Include="includes\opengl\helperFun.h">
      <Filter>头文件</Filter>
    </ClInclude>
    <ClInclude Include="includes\stb\stb_image.h">
      <Filter>头文件</Filter>
    </ClInclude>
    <ClInclude Include="includes\opengl\base.h">
      <Filter>头文件</Filter>
    </ClInclude>
  </ItemGroup>
  <ItemGroup>
    <ClCompile Include="src\main.cpp">
      <Filter>源文件</Filter>
    </ClCompile>
    <ClCompile Include="src\glad\glad.c">
      <Filter>源文件</Filter>
    </ClCompile>
    <ClCompile Include="src\Window\window.cpp">
      <Filter>源文件</Filter>
    </ClCompile>
    <ClCompile Include="src\opengl\helloworld.cpp">
      <Filter>源文件</Filter>
    </ClCompile>
    <ClCompile Include="src\opengl\helperFun.cpp">
      <Filter>源文件</Filter>
    </ClCompile>
    <ClCompile Include="src\std\stb_image_wrap.cpp">
      <Filter>源文件</Filter>
    </ClCompile>
    <ClCompile Include="src\opengl\base.cpp">
      <Filter>源文件</Filter>
    </ClCompile>
  </ItemGroup>
  <ItemGroup>
    <None Include="..\Shaders\helloworld.fs">
      <Filter>资源文件\shaders</Filter>
    </None>
    <None Include="..\Shaders\helloworld.vs">
      <Filter>资源文件\shaders</Filter>
    </None>
    <None Include="..\Shaders\textures.fs">
      <Filter>资源文件\shaders</Filter>
    </None>
    <None Include="..\Shaders\textures.vs">
      <Filter>资源文件\shaders</Filter>
    </None>
    <None Include="..\Shaders\hello3d.vs">
      <Filter>资源文件\shaders</Filter>
    </None>
  </ItemGroup>
  <ItemGroup>
    <Image Include="assets\textures\awesomeface.png">
      <Filter>资源文件\assets</Filter>
    </Image>
    <Image Include="assets\textures\container.jpg">
      <Filter>资源文件\assets</Filter>
    </Image>
    <Image Include="assets\textures\wall.jpg">
      <Filter>资源文件\assets</Filter>
    </Image>
  </ItemGroup>
</Project>